
Microsoft Visual Studio Solution File, Format Version 12.00
# Visual Studio 15
VisualStudioVersion = 15.0.27130.2010
MinimumVisualStudioVersion = 10.0.40219.1
Project("{FAE04EC0-301F-11D3-BF4B-00C04F79EFBC}") = "MDD4All.SVG.DataModels", "MDD4All.SVG.DataModels\MDD4All.SVG.DataModels.csproj", "{ABCEE577-3671-4410-91F9-EADDEB315197}"
EndProject
Project("{FAE04EC0-301F-11D3-BF4B-00C04F79EFBC}") = "MDD4All.EnterpriseArchitect.SvgGenerator", "MDD4All.EnterpriseArchitect.SvgGenerator\MDD4All.EnterpriseArchitect.SvgGenerator.csproj", "{4B2EAC12-28D3-4703-AE8D-7D223108F3C0}"
EndProject
Project("{FAE04EC0-301F-11D3-BF4B-00C04F79EFBC}") = "MDD4All.SVG.Tests", "MDD4All.SVG.Tests\MDD4All.SVG.Tests.csproj", "{6B6C0C35-9AE2-4567-930D-F4B629F57580}"
EndProject
Project("{2150E333-8FDC-42A3-9474-1A3956D46DE8}") = "Solution Items", "Solution Items", "{D5554AFE-E62E-4ACB-B641-6D3FC58C668F}"
	ProjectSection(SolutionItems) = preProject
		build.xml = build.xml
		version.txt = version.txt
	EndProjectSection
EndProject
Global
	GlobalSection(SolutionConfigurationPlatforms) = preSolution
		Debug|Any CPU = Debug|Any CPU
		Release|Any CPU = Release|Any CPU
	EndGlobalSection
	GlobalSection(ProjectConfigurationPlatforms) = postSolution
		{ABCEE577-3671-4410-91F9-EADDEB315197}.Debug|Any CPU.ActiveCfg = Debug|Any CPU
		{ABCEE577-3671-4410-91F9-EADDEB315197}.Debug|Any CPU.Build.0 = Debug|Any CPU
		{ABCEE577-3671-4410-91F9-EADDEB315197}.Release|Any CPU.ActiveCfg = Release|Any CPU
		{ABCEE577-3671-4410-91F9-EADDEB315197}.Release|Any CPU.Build.0 = Release|Any CPU
		{4B2EAC12-28D3-4703-AE8D-7D223108F3C0}.Debug|Any CPU.ActiveCfg = Debug|Any CPU
		{4B2EAC12-28D3-4703-AE8D-7D223108F3C0}.Debug|Any CPU.Build.0 = Debug|Any CPU
		{4B2EAC12-28D3-4703-AE8D-7D223108F3C0}.Release|Any CPU.ActiveCfg = Release|Any CPU
		{4B2EAC12-28D3-4703-AE8D-7D223108F3C0}.Release|Any CPU.Build.0 = Release|Any CPU
		{6B6C0C35-9AE2-4567-930D-F4B629F57580}.Debug|Any CPU.ActiveCfg = Debug|Any CPU
		{6B6C0C35-9AE2-4567-930D-F4B629F57580}.Debug|Any CPU.Build.0 = Debug|Any CPU
		{6B6C0C35-9AE2-4567-930D-F4B629F57580}.Release|Any CPU.ActiveCfg = Release|Any CPU
		{6B6C0C35-9AE2-4567-930D-F4B629F57580}.Release|Any CPU.Build.0 = Release|Any CPU
	EndGlobalSection
	GlobalSection(SolutionProperties) = preSolution
		HideSolutionNode = FALSE
	EndGlobalSection
	GlobalSection(ExtensibilityGlobals) = postSolution
		SolutionGuid = {9394EA1D-8239-4ABB-90B3-1FCC0B886182}
	EndGlobalSection
EndGlobal
