
Microsoft Visual Studio Solution File, Format Version 12.00
# Visual Studio Version 16
VisualStudioVersion = 16.0.30503.244
MinimumVisualStudioVersion = 10.0.40219.1
Project("{2150E333-8FDC-42A3-9474-1A3956D46DE8}") = "Solution Items", "Solution Items", "{8A38CEFE-AA36-4744-9E41-4632BA39D4BB}"
	ProjectSection(SolutionItems) = preProject
		..\azure-pipelines.yml = ..\azure-pipelines.yml
		..\README.md = ..\README.md
		version.txt = version.txt
	EndProjectSection
EndProject
Project("{9A19103F-16F7-4668-BE54-9A1E7A4F7556}") = "MDD4All.EAFacade.SvgGenerator", "MDD4All.EnterpriseArchitect.SvgGenerator\MDD4All.EAFacade.SvgGenerator.csproj", "{6DFD228B-254A-4D0D-84CC-02ABF4801BFA}"
EndProject
Project("{2150E333-8FDC-42A3-9474-1A3956D46DE8}") = "1_Apps", "1_Apps", "{D353FF0F-0825-44DB-A0D2-B93226503500}"
EndProject
Project("{2150E333-8FDC-42A3-9474-1A3956D46DE8}") = "2_Components", "2_Components", "{026335AB-A9FF-4DCC-BC26-8AA213A17122}"
EndProject
Project("{2150E333-8FDC-42A3-9474-1A3956D46DE8}") = "3_DataModels", "3_DataModels", "{B2409F1E-88DE-4A96-9C61-16F28E6F7CE5}"
EndProject
Project("{9A19103F-16F7-4668-BE54-9A1E7A4F7556}") = "MDD4All.SVG.DataModels", "MDD4All.SVG.DataModels\src\MDD4All.SVG.DataModels\MDD4All.SVG.DataModels.csproj", "{7C8A27F4-D217-4267-BF0D-21D9EAC7BFD2}"
EndProject
Project("{9A19103F-16F7-4668-BE54-9A1E7A4F7556}") = "MDD4All.SpecIF.DataModels.DiagramInterchange", "MDD4All.SpecIF.DataModels.DiagramInterchange\src\MDD4All.SpecIF.DataModels.DiagramInterchange\MDD4All.SpecIF.DataModels.DiagramInterchange.csproj", "{572A99DA-769B-46C0-9E89-6E5251521DFA}"
EndProject
Global
	GlobalSection(SolutionConfigurationPlatforms) = preSolution
		Debug|Any CPU = Debug|Any CPU
		Release|Any CPU = Release|Any CPU
	EndGlobalSection
	GlobalSection(ProjectConfigurationPlatforms) = postSolution
		{6DFD228B-254A-4D0D-84CC-02ABF4801BFA}.Debug|Any CPU.ActiveCfg = Debug|Any CPU
		{6DFD228B-254A-4D0D-84CC-02ABF4801BFA}.Debug|Any CPU.Build.0 = Debug|Any CPU
		{6DFD228B-254A-4D0D-84CC-02ABF4801BFA}.Release|Any CPU.ActiveCfg = Release|Any CPU
		{6DFD228B-254A-4D0D-84CC-02ABF4801BFA}.Release|Any CPU.Build.0 = Release|Any CPU
		{7C8A27F4-D217-4267-BF0D-21D9EAC7BFD2}.Debug|Any CPU.ActiveCfg = Debug|Any CPU
		{7C8A27F4-D217-4267-BF0D-21D9EAC7BFD2}.Debug|Any CPU.Build.0 = Debug|Any CPU
		{7C8A27F4-D217-4267-BF0D-21D9EAC7BFD2}.Release|Any CPU.ActiveCfg = Release|Any CPU
		{7C8A27F4-D217-4267-BF0D-21D9EAC7BFD2}.Release|Any CPU.Build.0 = Release|Any CPU
		{572A99DA-769B-46C0-9E89-6E5251521DFA}.Debug|Any CPU.ActiveCfg = Debug|Any CPU
		{572A99DA-769B-46C0-9E89-6E5251521DFA}.Debug|Any CPU.Build.0 = Debug|Any CPU
		{572A99DA-769B-46C0-9E89-6E5251521DFA}.Release|Any CPU.ActiveCfg = Release|Any CPU
		{572A99DA-769B-46C0-9E89-6E5251521DFA}.Release|Any CPU.Build.0 = Release|Any CPU
	EndGlobalSection
	GlobalSection(SolutionProperties) = preSolution
		HideSolutionNode = FALSE
	EndGlobalSection
	GlobalSection(NestedProjects) = preSolution
		{6DFD228B-254A-4D0D-84CC-02ABF4801BFA} = {026335AB-A9FF-4DCC-BC26-8AA213A17122}
		{7C8A27F4-D217-4267-BF0D-21D9EAC7BFD2} = {B2409F1E-88DE-4A96-9C61-16F28E6F7CE5}
		{572A99DA-769B-46C0-9E89-6E5251521DFA} = {B2409F1E-88DE-4A96-9C61-16F28E6F7CE5}
	EndGlobalSection
	GlobalSection(ExtensibilityGlobals) = postSolution
		SolutionGuid = {FCDD1523-DC86-4B44-90D1-A616830A3A7F}
	EndGlobalSection
EndGlobal
